
Microsoft Visual Studio Solution File, Format Version 12.00
# Visual Studio Version 17
VisualStudioVersion = 17.0.31903.59
MinimumVisualStudioVersion = 10.0.40219.1
Project("{2150E333-8FDC-42A3-9474-1A3956D46DE8}") = "src", "src", "{A04C8EF8-3629-48B2-B9FA-12941E902A54}"
EndProject
Project("{FAE04EC0-301F-11D3-BF4B-00C04F79EFBC}") = "Redis.EasyConnectMultiServers", "src\Redis.EasyConnectMultiServers\Redis.EasyConnectMultiServers.csproj", "{F74062F6-D8A9-409A-A1D2-771DF4CDABC5}"
EndProject
Global
	GlobalSection(SolutionConfigurationPlatforms) = preSolution
		Debug|Any CPU = Debug|Any CPU
		Release|Any CPU = Release|Any CPU
	EndGlobalSection
	GlobalSection(SolutionProperties) = preSolution
		HideSolutionNode = FALSE
	EndGlobalSection
	GlobalSection(ProjectConfigurationPlatforms) = postSolution
		{F74062F6-D8A9-409A-A1D2-771DF4CDABC5}.Debug|Any CPU.ActiveCfg = Debug|Any CPU
		{F74062F6-D8A9-409A-A1D2-771DF4CDABC5}.Debug|Any CPU.Build.0 = Debug|Any CPU
		{F74062F6-D8A9-409A-A1D2-771DF4CDABC5}.Release|Any CPU.ActiveCfg = Release|Any CPU
		{F74062F6-D8A9-409A-A1D2-771DF4CDABC5}.Release|Any CPU.Build.0 = Release|Any CPU
	EndGlobalSection
	GlobalSection(NestedProjects) = preSolution
		{F74062F6-D8A9-409A-A1D2-771DF4CDABC5} = {A04C8EF8-3629-48B2-B9FA-12941E902A54}
	EndGlobalSection
EndGlobal
